
Microsoft Visual Studio Solution File, Format Version 12.00
Project("{FAE04EC0-301F-11D3-BF4B-00C04F79EFBC}") = "AlgorithmsMandatoryExercise3", "AlgorithmsMandatoryExercise3\AlgorithmsMandatoryExercise3.csproj", "{43E5921F-218A-48FA-9B40-DCF3AB1EC121}"
EndProject
Global
	GlobalSection(SolutionConfigurationPlatforms) = preSolution
		Debug|Any CPU = Debug|Any CPU
		Release|Any CPU = Release|Any CPU
	EndGlobalSection
	GlobalSection(ProjectConfigurationPlatforms) = postSolution
		{43E5921F-218A-48FA-9B40-DCF3AB1EC121}.Debug|Any CPU.ActiveCfg = Debug|Any CPU
		{43E5921F-218A-48FA-9B40-DCF3AB1EC121}.Debug|Any CPU.Build.0 = Debug|Any CPU
		{43E5921F-218A-48FA-9B40-DCF3AB1EC121}.Release|Any CPU.ActiveCfg = Release|Any CPU
		{43E5921F-218A-48FA-9B40-DCF3AB1EC121}.Release|Any CPU.Build.0 = Release|Any CPU
	EndGlobalSection
EndGlobal
